// !$*UTF8*$!
{
	archiveVersion = 1;
	classes = {
	};
	objectVersion = 46;
	objects = {

/* Begin PBXBuildFile section */
		6D0AE38D1FB0731400D56D08 /* TableViewCell.swift in Sources */ = {isa = PBXBuildFile; fileRef = 6D0AE38B1FB0731400D56D08 /* TableViewCell.swift */; };
		6D0AE38E1FB0731400D56D08 /* TableViewCell.xib in Resources */ = {isa = PBXBuildFile; fileRef = 6D0AE38C1FB0731400D56D08 /* TableViewCell.xib */; };
		6D0AE39C1FB1484300D56D08 /* TabPageViewController.framework in Frameworks */ = {isa = PBXBuildFile; fileRef = 6D0AE39B1FB1484300D56D08 /* TabPageViewController.framework */; };
		6D0AE39D1FB1484300D56D08 /* TabPageViewController.framework in Embed Frameworks */ = {isa = PBXBuildFile; fileRef = 6D0AE39B1FB1484300D56D08 /* TabPageViewController.framework */; settings = {ATTRIBUTES = (CodeSignOnCopy, RemoveHeadersOnCopy, ); }; };
		6D0BCCA81FB157E700702643 /* CongressUpdate_VC.swift in Sources */ = {isa = PBXBuildFile; fileRef = 6D0BCCA71FB157E700702643 /* CongressUpdate_VC.swift */; };
		6D0BCCAD1FB1581200702643 /* Event_VC.swift in Sources */ = {isa = PBXBuildFile; fileRef = 6D0BCCAC1FB1581200702643 /* Event_VC.swift */; };
		6D0CA4BB1FBF3BCD0081B03D /* NavigationBar.swift in Sources */ = {isa = PBXBuildFile; fileRef = 6D0CA4B91FBF3BCD0081B03D /* NavigationBar.swift */; };
		6D0CA4BC1FBF3BCD0081B03D /* NavigationBar.xib in Resources */ = {isa = PBXBuildFile; fileRef = 6D0CA4BA1FBF3BCD0081B03D /* NavigationBar.xib */; };
		6D17278A1FBBD76400B3A2EE /* SquareCategoryCell.xib in Resources */ = {isa = PBXBuildFile; fileRef = 6D1727891FBBD76400B3A2EE /* SquareCategoryCell.xib */; };
		6D17278F1FBBEA1100B3A2EE /* BannerCategoryCell.xib in Resources */ = {isa = PBXBuildFile; fileRef = 6D17278E1FBBEA1100B3A2EE /* BannerCategoryCell.xib */; };
		6D1727911FBBF7F000B3A2EE /* BannerCategoryCell.swift in Sources */ = {isa = PBXBuildFile; fileRef = 6D1727901FBBF7F000B3A2EE /* BannerCategoryCell.swift */; };
		6D1727941FBBFBF700B3A2EE /* BannerCollectionViewCell.swift in Sources */ = {isa = PBXBuildFile; fileRef = 6D1727921FBBFBF700B3A2EE /* BannerCollectionViewCell.swift */; };
		6D1727951FBBFBF700B3A2EE /* BannerCollectionViewCell.xib in Resources */ = {isa = PBXBuildFile; fileRef = 6D1727931FBBFBF700B3A2EE /* BannerCollectionViewCell.xib */; };
		6D1727971FBC034900B3A2EE /* TrailFactSheet_VC.swift in Sources */ = {isa = PBXBuildFile; fileRef = 6D1727961FBC034900B3A2EE /* TrailFactSheet_VC.swift */; };
		6D1727991FBC035500B3A2EE /* ExpertCommentary_VC.swift in Sources */ = {isa = PBXBuildFile; fileRef = 6D1727981FBC035500B3A2EE /* ExpertCommentary_VC.swift */; };
		6D17279B1FBC036200B3A2EE /* Bookmark_VC.swift in Sources */ = {isa = PBXBuildFile; fileRef = 6D17279A1FBC036200B3A2EE /* Bookmark_VC.swift */; };
		6D22B3191FC2736F001312EA /* Article_TVC.swift in Sources */ = {isa = PBXBuildFile; fileRef = 6D22B3181FC2736F001312EA /* Article_TVC.swift */; };
		6D22B31E1FC27590001312EA /* Thumbnail_TVCell.xib in Resources */ = {isa = PBXBuildFile; fileRef = 6D22B31D1FC27590001312EA /* Thumbnail_TVCell.xib */; };
		6D22B3201FC2804D001312EA /* Thumbnail_TVCell.swift in Sources */ = {isa = PBXBuildFile; fileRef = 6D22B31F1FC2804D001312EA /* Thumbnail_TVCell.swift */; };
		6D22B3241FC28819001312EA /* Content_TVCell.swift in Sources */ = {isa = PBXBuildFile; fileRef = 6D22B3221FC28819001312EA /* Content_TVCell.swift */; };
		6D22B3251FC28819001312EA /* Content_TVCell.xib in Resources */ = {isa = PBXBuildFile; fileRef = 6D22B3231FC28819001312EA /* Content_TVCell.xib */; };
		6D22B3281FC28866001312EA /* Quiz_TVCell.swift in Sources */ = {isa = PBXBuildFile; fileRef = 6D22B3261FC28866001312EA /* Quiz_TVCell.swift */; };
		6D22B3291FC28866001312EA /* Quiz_TVCell.xib in Resources */ = {isa = PBXBuildFile; fileRef = 6D22B3271FC28866001312EA /* Quiz_TVCell.xib */; };
		6D22B32C1FC28893001312EA /* Reference_TVCell.swift in Sources */ = {isa = PBXBuildFile; fileRef = 6D22B32A1FC28893001312EA /* Reference_TVCell.swift */; };
		6D22B32D1FC28893001312EA /* Reference_TVCell.xib in Resources */ = {isa = PBXBuildFile; fileRef = 6D22B32B1FC28893001312EA /* Reference_TVCell.xib */; };
		6D22B3311FC288E3001312EA /* MayLike_TVCell.swift in Sources */ = {isa = PBXBuildFile; fileRef = 6D22B3301FC288E3001312EA /* MayLike_TVCell.swift */; };
		6D22B3331FC29BB4001312EA /* MayLike_TVCell.xib in Resources */ = {isa = PBXBuildFile; fileRef = 6D22B3321FC29BB4001312EA /* MayLike_TVCell.xib */; };
		6D28C28F1FB40EDB00E6E80E /* mainViewController.swift in Sources */ = {isa = PBXBuildFile; fileRef = 6D28C28E1FB40EDB00E6E80E /* mainViewController.swift */; };
		6D28C2971FB40F4300E6E80E /* SquareCollectionViewCell.swift in Sources */ = {isa = PBXBuildFile; fileRef = 6D28C2951FB40F4300E6E80E /* SquareCollectionViewCell.swift */; };
		6D28C2981FB40F4300E6E80E /* SquareCollectionViewCell.xib in Resources */ = {isa = PBXBuildFile; fileRef = 6D28C2961FB40F4300E6E80E /* SquareCollectionViewCell.xib */; };
		6D43A2521FB052E800C6B0B8 /* AppDelegate.swift in Sources */ = {isa = PBXBuildFile; fileRef = 6D43A2511FB052E800C6B0B8 /* AppDelegate.swift */; };
		6D43A2541FB052E800C6B0B8 /* TabPage_VC.swift in Sources */ = {isa = PBXBuildFile; fileRef = 6D43A2531FB052E800C6B0B8 /* TabPage_VC.swift */; };
		6D43A2571FB052E800C6B0B8 /* Main.storyboard in Resources */ = {isa = PBXBuildFile; fileRef = 6D43A2551FB052E800C6B0B8 /* Main.storyboard */; };
		6D43A2591FB052E800C6B0B8 /* Assets.xcassets in Resources */ = {isa = PBXBuildFile; fileRef = 6D43A2581FB052E800C6B0B8 /* Assets.xcassets */; };
		6D43A25C1FB052E800C6B0B8 /* LaunchScreen.storyboard in Resources */ = {isa = PBXBuildFile; fileRef = 6D43A25A1FB052E800C6B0B8 /* LaunchScreen.storyboard */; };
		6D8783E01FBA054800891525 /* SquareCategoryCell.swift in Sources */ = {isa = PBXBuildFile; fileRef = 6D8783DF1FBA054800891525 /* SquareCategoryCell.swift */; };
		6DCC91C21FBC2942006E4D4C /* BannerCategoryCollectionView.swift in Sources */ = {isa = PBXBuildFile; fileRef = 6DCC91C11FBC2942006E4D4C /* BannerCategoryCollectionView.swift */; };
		6DE701D41FBAD0F40053D315 /* SquareCategoryCollectionView.swift in Sources */ = {isa = PBXBuildFile; fileRef = 6DE701D31FBAD0F40053D315 /* SquareCategoryCollectionView.swift */; };
/* End PBXBuildFile section */

/* Begin PBXContainerItemProxy section */
		6D0AE3951FB1432A00D56D08 /* PBXContainerItemProxy */ = {
			isa = PBXContainerItemProxy;
			containerPortal = 6D0AE38F1FB1432A00D56D08 /* TabPageViewController.xcodeproj */;
			proxyType = 2;
			remoteGlobalIDString = OBJ_14;
			remoteInfo = TabPageViewController;
		};
		6D0AE3971FB1432A00D56D08 /* PBXContainerItemProxy */ = {
			isa = PBXContainerItemProxy;
			containerPortal = 6D0AE38F1FB1432A00D56D08 /* TabPageViewController.xcodeproj */;
			proxyType = 2;
			remoteGlobalIDString = OBJ_15;
			remoteInfo = TabPageViewControllerTests;
		};
		6D0AE3991FB1432A00D56D08 /* PBXContainerItemProxy */ = {
			isa = PBXContainerItemProxy;
			containerPortal = 6D0AE38F1FB1432A00D56D08 /* TabPageViewController.xcodeproj */;
			proxyType = 2;
			remoteGlobalIDString = 4C2122CF1E6E8E9700572DBD;
			remoteInfo = TabPageViewControllerDemo;
		};
/* End PBXContainerItemProxy section */

/* Begin PBXCopyFilesBuildPhase section */
		6D0AE39E1FB1484300D56D08 /* Embed Frameworks */ = {
			isa = PBXCopyFilesBuildPhase;
			buildActionMask = 2147483647;
			dstPath = "";
			dstSubfolderSpec = 10;
			files = (
				6D0AE39D1FB1484300D56D08 /* TabPageViewController.framework in Embed Frameworks */,
			);
			name = "Embed Frameworks";
			runOnlyForDeploymentPostprocessing = 0;
		};
/* End PBXCopyFilesBuildPhase section */

/* Begin PBXFileReference section */
		6D0AE38B1FB0731400D56D08 /* TableViewCell.swift */ = {isa = PBXFileReference; fileEncoding = 4; lastKnownFileType = sourcecode.swift; path = TableViewCell.swift; sourceTree = "<group>"; };
		6D0AE38C1FB0731400D56D08 /* TableViewCell.xib */ = {isa = PBXFileReference; fileEncoding = 4; lastKnownFileType = file.xib; path = TableViewCell.xib; sourceTree = "<group>"; };
		6D0AE38F1FB1432A00D56D08 /* TabPageViewController.xcodeproj */ = {isa = PBXFileReference; lastKnownFileType = "wrapper.pb-project"; name = TabPageViewController.xcodeproj; path = ../../TabPageViewController/TabPageViewController.xcodeproj; sourceTree = "<group>"; };
		6D0AE39B1FB1484300D56D08 /* TabPageViewController.framework */ = {isa = PBXFileReference; lastKnownFileType = wrapper.framework; path = TabPageViewController.framework; sourceTree = "<group>"; };
		6D0BCCA71FB157E700702643 /* CongressUpdate_VC.swift */ = {isa = PBXFileReference; fileEncoding = 4; lastKnownFileType = sourcecode.swift; path = CongressUpdate_VC.swift; sourceTree = "<group>"; };
		6D0BCCAC1FB1581200702643 /* Event_VC.swift */ = {isa = PBXFileReference; fileEncoding = 4; lastKnownFileType = sourcecode.swift; path = Event_VC.swift; sourceTree = "<group>"; };
		6D0CA4B91FBF3BCD0081B03D /* NavigationBar.swift */ = {isa = PBXFileReference; fileEncoding = 4; lastKnownFileType = sourcecode.swift; path = NavigationBar.swift; sourceTree = "<group>"; };
		6D0CA4BA1FBF3BCD0081B03D /* NavigationBar.xib */ = {isa = PBXFileReference; fileEncoding = 4; lastKnownFileType = file.xib; path = NavigationBar.xib; sourceTree = "<group>"; };
		6D1727891FBBD76400B3A2EE /* SquareCategoryCell.xib */ = {isa = PBXFileReference; fileEncoding = 4; lastKnownFileType = file.xib; path = SquareCategoryCell.xib; sourceTree = "<group>"; };
		6D17278E1FBBEA1100B3A2EE /* BannerCategoryCell.xib */ = {isa = PBXFileReference; fileEncoding = 4; lastKnownFileType = file.xib; path = BannerCategoryCell.xib; sourceTree = "<group>"; };
		6D1727901FBBF7F000B3A2EE /* BannerCategoryCell.swift */ = {isa = PBXFileReference; fileEncoding = 4; lastKnownFileType = sourcecode.swift; path = BannerCategoryCell.swift; sourceTree = "<group>"; };
		6D1727921FBBFBF700B3A2EE /* BannerCollectionViewCell.swift */ = {isa = PBXFileReference; fileEncoding = 4; lastKnownFileType = sourcecode.swift; path = BannerCollectionViewCell.swift; sourceTree = "<group>"; };
		6D1727931FBBFBF700B3A2EE /* BannerCollectionViewCell.xib */ = {isa = PBXFileReference; fileEncoding = 4; lastKnownFileType = file.xib; path = BannerCollectionViewCell.xib; sourceTree = "<group>"; };
		6D1727961FBC034900B3A2EE /* TrailFactSheet_VC.swift */ = {isa = PBXFileReference; fileEncoding = 4; lastKnownFileType = sourcecode.swift; path = TrailFactSheet_VC.swift; sourceTree = "<group>"; };
		6D1727981FBC035500B3A2EE /* ExpertCommentary_VC.swift */ = {isa = PBXFileReference; fileEncoding = 4; lastKnownFileType = sourcecode.swift; path = ExpertCommentary_VC.swift; sourceTree = "<group>"; };
		6D17279A1FBC036200B3A2EE /* Bookmark_VC.swift */ = {isa = PBXFileReference; fileEncoding = 4; lastKnownFileType = sourcecode.swift; path = Bookmark_VC.swift; sourceTree = "<group>"; };
		6D22B3181FC2736F001312EA /* Article_TVC.swift */ = {isa = PBXFileReference; fileEncoding = 4; lastKnownFileType = sourcecode.swift; path = Article_TVC.swift; sourceTree = "<group>"; };
		6D22B31D1FC27590001312EA /* Thumbnail_TVCell.xib */ = {isa = PBXFileReference; fileEncoding = 4; lastKnownFileType = file.xib; path = Thumbnail_TVCell.xib; sourceTree = "<group>"; };
		6D22B31F1FC2804D001312EA /* Thumbnail_TVCell.swift */ = {isa = PBXFileReference; fileEncoding = 4; lastKnownFileType = sourcecode.swift; path = Thumbnail_TVCell.swift; sourceTree = "<group>"; };
		6D22B3221FC28819001312EA /* Content_TVCell.swift */ = {isa = PBXFileReference; fileEncoding = 4; lastKnownFileType = sourcecode.swift; path = Content_TVCell.swift; sourceTree = "<group>"; };
		6D22B3231FC28819001312EA /* Content_TVCell.xib */ = {isa = PBXFileReference; fileEncoding = 4; lastKnownFileType = file.xib; path = Content_TVCell.xib; sourceTree = "<group>"; };
		6D22B3261FC28866001312EA /* Quiz_TVCell.swift */ = {isa = PBXFileReference; fileEncoding = 4; lastKnownFileType = sourcecode.swift; path = Quiz_TVCell.swift; sourceTree = "<group>"; };
		6D22B3271FC28866001312EA /* Quiz_TVCell.xib */ = {isa = PBXFileReference; fileEncoding = 4; lastKnownFileType = file.xib; path = Quiz_TVCell.xib; sourceTree = "<group>"; };
		6D22B32A1FC28893001312EA /* Reference_TVCell.swift */ = {isa = PBXFileReference; fileEncoding = 4; lastKnownFileType = sourcecode.swift; path = Reference_TVCell.swift; sourceTree = "<group>"; };
		6D22B32B1FC28893001312EA /* Reference_TVCell.xib */ = {isa = PBXFileReference; fileEncoding = 4; lastKnownFileType = file.xib; path = Reference_TVCell.xib; sourceTree = "<group>"; };
		6D22B3301FC288E3001312EA /* MayLike_TVCell.swift */ = {isa = PBXFileReference; fileEncoding = 4; lastKnownFileType = sourcecode.swift; path = MayLike_TVCell.swift; sourceTree = "<group>"; };
		6D22B3321FC29BB4001312EA /* MayLike_TVCell.xib */ = {isa = PBXFileReference; fileEncoding = 4; lastKnownFileType = file.xib; path = MayLike_TVCell.xib; sourceTree = "<group>"; };
		6D28C28E1FB40EDB00E6E80E /* mainViewController.swift */ = {isa = PBXFileReference; fileEncoding = 4; lastKnownFileType = sourcecode.swift; path = mainViewController.swift; sourceTree = "<group>"; };
		6D28C2951FB40F4300E6E80E /* SquareCollectionViewCell.swift */ = {isa = PBXFileReference; fileEncoding = 4; lastKnownFileType = sourcecode.swift; path = SquareCollectionViewCell.swift; sourceTree = "<group>"; };
		6D28C2961FB40F4300E6E80E /* SquareCollectionViewCell.xib */ = {isa = PBXFileReference; fileEncoding = 4; lastKnownFileType = file.xib; path = SquareCollectionViewCell.xib; sourceTree = "<group>"; };
		6D43A24E1FB052E800C6B0B8 /* practice.app */ = {isa = PBXFileReference; explicitFileType = wrapper.application; includeInIndex = 0; path = practice.app; sourceTree = BUILT_PRODUCTS_DIR; };
		6D43A2511FB052E800C6B0B8 /* AppDelegate.swift */ = {isa = PBXFileReference; lastKnownFileType = sourcecode.swift; path = AppDelegate.swift; sourceTree = "<group>"; };
		6D43A2531FB052E800C6B0B8 /* TabPage_VC.swift */ = {isa = PBXFileReference; lastKnownFileType = sourcecode.swift; path = TabPage_VC.swift; sourceTree = "<group>"; };
		6D43A2561FB052E800C6B0B8 /* Base */ = {isa = PBXFileReference; lastKnownFileType = file.storyboard; name = Base; path = Base.lproj/Main.storyboard; sourceTree = "<group>"; };
		6D43A2581FB052E800C6B0B8 /* Assets.xcassets */ = {isa = PBXFileReference; lastKnownFileType = folder.assetcatalog; path = Assets.xcassets; sourceTree = "<group>"; };
		6D43A25B1FB052E800C6B0B8 /* Base */ = {isa = PBXFileReference; lastKnownFileType = file.storyboard; name = Base; path = Base.lproj/LaunchScreen.storyboard; sourceTree = "<group>"; };
		6D43A25D1FB052E800C6B0B8 /* Info.plist */ = {isa = PBXFileReference; lastKnownFileType = text.plist.xml; path = Info.plist; sourceTree = "<group>"; };
		6D8783DF1FBA054800891525 /* SquareCategoryCell.swift */ = {isa = PBXFileReference; fileEncoding = 4; lastKnownFileType = sourcecode.swift; path = SquareCategoryCell.swift; sourceTree = "<group>"; };
		6DCC91C11FBC2942006E4D4C /* BannerCategoryCollectionView.swift */ = {isa = PBXFileReference; fileEncoding = 4; lastKnownFileType = sourcecode.swift; path = BannerCategoryCollectionView.swift; sourceTree = "<group>"; };
		6DE701D31FBAD0F40053D315 /* SquareCategoryCollectionView.swift */ = {isa = PBXFileReference; fileEncoding = 4; lastKnownFileType = sourcecode.swift; path = SquareCategoryCollectionView.swift; sourceTree = "<group>"; };
/* End PBXFileReference section */

/* Begin PBXFrameworksBuildPhase section */
		6D43A24B1FB052E800C6B0B8 /* Frameworks */ = {
			isa = PBXFrameworksBuildPhase;
			buildActionMask = 2147483647;
			files = (
				6D0AE39C1FB1484300D56D08 /* TabPageViewController.framework in Frameworks */,
			);
			runOnlyForDeploymentPostprocessing = 0;
		};
/* End PBXFrameworksBuildPhase section */

/* Begin PBXGroup section */
		6D0AE3901FB1432A00D56D08 /* Products */ = {
			isa = PBXGroup;
			children = (
				6D0AE3961FB1432A00D56D08 /* TabPageViewController.framework */,
				6D0AE3981FB1432A00D56D08 /* TabPageViewControllerTests.xctest */,
				6D0AE39A1FB1432A00D56D08 /* TabPageViewControllerDemo.app */,
			);
			name = Products;
			sourceTree = "<group>";
		};
		6D22B3211FC287B2001312EA /* Article */ = {
			isa = PBXGroup;
			children = (
				6D22B3181FC2736F001312EA /* Article_TVC.swift */,
				6D22B31F1FC2804D001312EA /* Thumbnail_TVCell.swift */,
				6D22B31D1FC27590001312EA /* Thumbnail_TVCell.xib */,
				6D22B3221FC28819001312EA /* Content_TVCell.swift */,
				6D22B3231FC28819001312EA /* Content_TVCell.xib */,
				6D22B3261FC28866001312EA /* Quiz_TVCell.swift */,
				6D22B3271FC28866001312EA /* Quiz_TVCell.xib */,
				6D22B32A1FC28893001312EA /* Reference_TVCell.swift */,
				6D22B32B1FC28893001312EA /* Reference_TVCell.xib */,
				6D22B3301FC288E3001312EA /* MayLike_TVCell.swift */,
				6D22B3321FC29BB4001312EA /* MayLike_TVCell.xib */,
			);
			name = Article;
			sourceTree = "<group>";
		};
		6D28C2931FB40EEE00E6E80E /* VC */ = {
			isa = PBXGroup;
			children = (
				6D28C28E1FB40EDB00E6E80E /* mainViewController.swift */,
				6D43A2531FB052E800C6B0B8 /* TabPage_VC.swift */,
				6D0BCCA71FB157E700702643 /* CongressUpdate_VC.swift */,
				6D1727981FBC035500B3A2EE /* ExpertCommentary_VC.swift */,
				6D0BCCAC1FB1581200702643 /* Event_VC.swift */,
				6D1727961FBC034900B3A2EE /* TrailFactSheet_VC.swift */,
				6D17279A1FBC036200B3A2EE /* Bookmark_VC.swift */,
				6D0CA4B91FBF3BCD0081B03D /* NavigationBar.swift */,
				6D0CA4BA1FBF3BCD0081B03D /* NavigationBar.xib */,
				6D22B3211FC287B2001312EA /* Article */,
			);
			name = VC;
			sourceTree = "<group>";
		};
		6D28C2941FB40F0900E6E80E /* Cell */ = {
			isa = PBXGroup;
			children = (
				6D0AE38B1FB0731400D56D08 /* TableViewCell.swift */,
				6D0AE38C1FB0731400D56D08 /* TableViewCell.xib */,
				6D28C2951FB40F4300E6E80E /* SquareCollectionViewCell.swift */,
				6D28C2961FB40F4300E6E80E /* SquareCollectionViewCell.xib */,
				6D1727921FBBFBF700B3A2EE /* BannerCollectionViewCell.swift */,
				6D1727931FBBFBF700B3A2EE /* BannerCollectionViewCell.xib */,
				6D8783DF1FBA054800891525 /* SquareCategoryCell.swift */,
				6D1727891FBBD76400B3A2EE /* SquareCategoryCell.xib */,
				6D1727901FBBF7F000B3A2EE /* BannerCategoryCell.swift */,
				6D17278E1FBBEA1100B3A2EE /* BannerCategoryCell.xib */,
			);
			name = Cell;
			sourceTree = "<group>";
		};
		6D43A2451FB052E800C6B0B8 = {
			isa = PBXGroup;
			children = (
				6D0AE39B1FB1484300D56D08 /* TabPageViewController.framework */,
				6D0AE38F1FB1432A00D56D08 /* TabPageViewController.xcodeproj */,
				6D43A2501FB052E800C6B0B8 /* practice */,
				6D43A24F1FB052E800C6B0B8 /* Products */,
			);
			sourceTree = "<group>";
		};
		6D43A24F1FB052E800C6B0B8 /* Products */ = {
			isa = PBXGroup;
			children = (
				6D43A24E1FB052E800C6B0B8 /* practice.app */,
			);
			name = Products;
			sourceTree = "<group>";
		};
		6D43A2501FB052E800C6B0B8 /* practice */ = {
			isa = PBXGroup;
			children = (
				6D624EBE1FBF00E5000FB318 /* shouldBeenDelete */,
				6D28C2941FB40F0900E6E80E /* Cell */,
				6D28C2931FB40EEE00E6E80E /* VC */,
				6D43A2511FB052E800C6B0B8 /* AppDelegate.swift */,
				6D43A2551FB052E800C6B0B8 /* Main.storyboard */,
				6D43A2581FB052E800C6B0B8 /* Assets.xcassets */,
				6D43A25A1FB052E800C6B0B8 /* LaunchScreen.storyboard */,
				6D43A25D1FB052E800C6B0B8 /* Info.plist */,
			);
			path = practice;
			sourceTree = "<group>";
		};
		6D624EBE1FBF00E5000FB318 /* shouldBeenDelete */ = {
			isa = PBXGroup;
			children = (
				6DE701D31FBAD0F40053D315 /* SquareCategoryCollectionView.swift */,
				6DCC91C11FBC2942006E4D4C /* BannerCategoryCollectionView.swift */,
			);
			name = shouldBeenDelete;
			sourceTree = "<group>";
		};
/* End PBXGroup section */

/* Begin PBXNativeTarget section */
		6D43A24D1FB052E800C6B0B8 /* practice */ = {
			isa = PBXNativeTarget;
			buildConfigurationList = 6D43A2601FB052E800C6B0B8 /* Build configuration list for PBXNativeTarget "practice" */;
			buildPhases = (
				6D43A24A1FB052E800C6B0B8 /* Sources */,
				6D43A24B1FB052E800C6B0B8 /* Frameworks */,
				6D43A24C1FB052E800C6B0B8 /* Resources */,
				6D0AE39E1FB1484300D56D08 /* Embed Frameworks */,
			);
			buildRules = (
			);
			dependencies = (
			);
			name = practice;
			productName = practice;
			productReference = 6D43A24E1FB052E800C6B0B8 /* practice.app */;
			productType = "com.apple.product-type.application";
		};
/* End PBXNativeTarget section */

/* Begin PBXProject section */
		6D43A2461FB052E800C6B0B8 /* Project object */ = {
			isa = PBXProject;
			attributes = {
				LastSwiftUpdateCheck = 0830;
				LastUpgradeCheck = 0830;
				ORGANIZATIONNAME = kidnapper.com;
				TargetAttributes = {
					6D43A24D1FB052E800C6B0B8 = {
						CreatedOnToolsVersion = 8.3.3;
						DevelopmentTeam = RPE89YVE3Q;
						ProvisioningStyle = Automatic;
					};
				};
			};
			buildConfigurationList = 6D43A2491FB052E800C6B0B8 /* Build configuration list for PBXProject "practice" */;
			compatibilityVersion = "Xcode 3.2";
			developmentRegion = English;
			hasScannedForEncodings = 0;
			knownRegions = (
				en,
				Base,
			);
			mainGroup = 6D43A2451FB052E800C6B0B8;
			productRefGroup = 6D43A24F1FB052E800C6B0B8 /* Products */;
			projectDirPath = "";
			projectReferences = (
				{
					ProductGroup = 6D0AE3901FB1432A00D56D08 /* Products */;
					ProjectRef = 6D0AE38F1FB1432A00D56D08 /* TabPageViewController.xcodeproj */;
				},
			);
			projectRoot = "";
			targets = (
				6D43A24D1FB052E800C6B0B8 /* practice */,
			);
		};
/* End PBXProject section */

/* Begin PBXReferenceProxy section */
		6D0AE3961FB1432A00D56D08 /* TabPageViewController.framework */ = {
			isa = PBXReferenceProxy;
			fileType = wrapper.framework;
			path = TabPageViewController.framework;
			remoteRef = 6D0AE3951FB1432A00D56D08 /* PBXContainerItemProxy */;
			sourceTree = BUILT_PRODUCTS_DIR;
		};
		6D0AE3981FB1432A00D56D08 /* TabPageViewControllerTests.xctest */ = {
			isa = PBXReferenceProxy;
			fileType = file;
			path = TabPageViewControllerTests.xctest;
			remoteRef = 6D0AE3971FB1432A00D56D08 /* PBXContainerItemProxy */;
			sourceTree = BUILT_PRODUCTS_DIR;
		};
		6D0AE39A1FB1432A00D56D08 /* TabPageViewControllerDemo.app */ = {
			isa = PBXReferenceProxy;
			fileType = wrapper.application;
			path = TabPageViewControllerDemo.app;
			remoteRef = 6D0AE3991FB1432A00D56D08 /* PBXContainerItemProxy */;
			sourceTree = BUILT_PRODUCTS_DIR;
		};
/* End PBXReferenceProxy section */

/* Begin PBXResourcesBuildPhase section */
		6D43A24C1FB052E800C6B0B8 /* Resources */ = {
			isa = PBXResourcesBuildPhase;
			buildActionMask = 2147483647;
			files = (
				6D43A25C1FB052E800C6B0B8 /* LaunchScreen.storyboard in Resources */,
				6D22B32D1FC28893001312EA /* Reference_TVCell.xib in Resources */,
				6D43A2591FB052E800C6B0B8 /* Assets.xcassets in Resources */,
				6D22B3291FC28866001312EA /* Quiz_TVCell.xib in Resources */,
				6D17278A1FBBD76400B3A2EE /* SquareCategoryCell.xib in Resources */,
				6D43A2571FB052E800C6B0B8 /* Main.storyboard in Resources */,
				6D22B3331FC29BB4001312EA /* MayLike_TVCell.xib in Resources */,
				6D28C2981FB40F4300E6E80E /* SquareCollectionViewCell.xib in Resources */,
				6D17278F1FBBEA1100B3A2EE /* BannerCategoryCell.xib in Resources */,
				6D22B31E1FC27590001312EA /* Thumbnail_TVCell.xib in Resources */,
				6D0CA4BC1FBF3BCD0081B03D /* NavigationBar.xib in Resources */,
				6D0AE38E1FB0731400D56D08 /* TableViewCell.xib in Resources */,
				6D22B3251FC28819001312EA /* Content_TVCell.xib in Resources */,
				6D1727951FBBFBF700B3A2EE /* BannerCollectionViewCell.xib in Resources */,
			);
			runOnlyForDeploymentPostprocessing = 0;
		};
/* End PBXResourcesBuildPhase section */

/* Begin PBXSourcesBuildPhase section */
		6D43A24A1FB052E800C6B0B8 /* Sources */ = {
			isa = PBXSourcesBuildPhase;
			buildActionMask = 2147483647;
			files = (
				6D22B3201FC2804D001312EA /* Thumbnail_TVCell.swift in Sources */,
				6D28C28F1FB40EDB00E6E80E /* mainViewController.swift in Sources */,
				6D8783E01FBA054800891525 /* SquareCategoryCell.swift in Sources */,
				6D22B3191FC2736F001312EA /* Article_TVC.swift in Sources */,
				6D1727911FBBF7F000B3A2EE /* BannerCategoryCell.swift in Sources */,
				6D28C2971FB40F4300E6E80E /* SquareCollectionViewCell.swift in Sources */,
				6D0BCCAD1FB1581200702643 /* Event_VC.swift in Sources */,
				6D43A2541FB052E800C6B0B8 /* TabPage_VC.swift in Sources */,
				6D22B32C1FC28893001312EA /* Reference_TVCell.swift in Sources */,
				6D22B3241FC28819001312EA /* Content_TVCell.swift in Sources */,
				6D1727941FBBFBF700B3A2EE /* BannerCollectionViewCell.swift in Sources */,
				6D1727991FBC035500B3A2EE /* ExpertCommentary_VC.swift in Sources */,
				6D22B3311FC288E3001312EA /* MayLike_TVCell.swift in Sources */,
				6D1727971FBC034900B3A2EE /* TrailFactSheet_VC.swift in Sources */,
				6D0CA4BB1FBF3BCD0081B03D /* NavigationBar.swift in Sources */,
				6D43A2521FB052E800C6B0B8 /* AppDelegate.swift in Sources */,
				6D22B3281FC28866001312EA /* Quiz_TVCell.swift in Sources */,
				6D0AE38D1FB0731400D56D08 /* TableViewCell.swift in Sources */,
				6DCC91C21FBC2942006E4D4C /* BannerCategoryCollectionView.swift in Sources */,
				6D17279B1FBC036200B3A2EE /* Bookmark_VC.swift in Sources */,
				6DE701D41FBAD0F40053D315 /* SquareCategoryCollectionView.swift in Sources */,
				6D0BCCA81FB157E700702643 /* CongressUpdate_VC.swift in Sources */,
			);
			runOnlyForDeploymentPostprocessing = 0;
		};
/* End PBXSourcesBuildPhase section */

/* Begin PBXVariantGroup section */
		6D43A2551FB052E800C6B0B8 /* Main.storyboard */ = {
			isa = PBXVariantGroup;
			children = (
				6D43A2561FB052E800C6B0B8 /* Base */,
			);
			name = Main.storyboard;
			sourceTree = "<group>";
		};
		6D43A25A1FB052E800C6B0B8 /* LaunchScreen.storyboard */ = {
			isa = PBXVariantGroup;
			children = (
				6D43A25B1FB052E800C6B0B8 /* Base */,
			);
			name = LaunchScreen.storyboard;
			sourceTree = "<group>";
		};
/* End PBXVariantGroup section */

/* Begin XCBuildConfiguration section */
		6D43A25E1FB052E800C6B0B8 /* Debug */ = {
			isa = XCBuildConfiguration;
			buildSettings = {
				ALWAYS_SEARCH_USER_PATHS = NO;
				CLANG_ANALYZER_NONNULL = YES;
				CLANG_ANALYZER_NUMBER_OBJECT_CONVERSION = YES_AGGRESSIVE;
				CLANG_CXX_LANGUAGE_STANDARD = "gnu++0x";
				CLANG_CXX_LIBRARY = "libc++";
				CLANG_ENABLE_MODULES = YES;
				CLANG_ENABLE_OBJC_ARC = YES;
				CLANG_WARN_BOOL_CONVERSION = YES;
				CLANG_WARN_CONSTANT_CONVERSION = YES;
				CLANG_WARN_DIRECT_OBJC_ISA_USAGE = YES_ERROR;
				CLANG_WARN_DOCUMENTATION_COMMENTS = YES;
				CLANG_WARN_EMPTY_BODY = YES;
				CLANG_WARN_ENUM_CONVERSION = YES;
				CLANG_WARN_INFINITE_RECURSION = YES;
				CLANG_WARN_INT_CONVERSION = YES;
				CLANG_WARN_OBJC_ROOT_CLASS = YES_ERROR;
				CLANG_WARN_SUSPICIOUS_MOVE = YES;
				CLANG_WARN_UNREACHABLE_CODE = YES;
				CLANG_WARN__DUPLICATE_METHOD_MATCH = YES;
				"CODE_SIGN_IDENTITY[sdk=iphoneos*]" = "iPhone Developer";
				COPY_PHASE_STRIP = NO;
				DEBUG_INFORMATION_FORMAT = dwarf;
				ENABLE_STRICT_OBJC_MSGSEND = YES;
				ENABLE_TESTABILITY = YES;
				GCC_C_LANGUAGE_STANDARD = gnu99;
				GCC_DYNAMIC_NO_PIC = NO;
				GCC_NO_COMMON_BLOCKS = YES;
				GCC_OPTIMIZATION_LEVEL = 0;
				GCC_PREPROCESSOR_DEFINITIONS = (
					"DEBUG=1",
					"$(inherited)",
				);
				GCC_WARN_64_TO_32_BIT_CONVERSION = YES;
				GCC_WARN_ABOUT_RETURN_TYPE = YES_ERROR;
				GCC_WARN_UNDECLARED_SELECTOR = YES;
				GCC_WARN_UNINITIALIZED_AUTOS = YES_AGGRESSIVE;
				GCC_WARN_UNUSED_FUNCTION = YES;
				GCC_WARN_UNUSED_VARIABLE = YES;
				IPHONEOS_DEPLOYMENT_TARGET = 10.3;
				MTL_ENABLE_DEBUG_INFO = YES;
				ONLY_ACTIVE_ARCH = YES;
				SDKROOT = iphoneos;
				SWIFT_ACTIVE_COMPILATION_CONDITIONS = DEBUG;
				SWIFT_OPTIMIZATION_LEVEL = "-Onone";
				TARGETED_DEVICE_FAMILY = "1,2";
			};
			name = Debug;
		};
		6D43A25F1FB052E800C6B0B8 /* Release */ = {
			isa = XCBuildConfiguration;
			buildSettings = {
				ALWAYS_SEARCH_USER_PATHS = NO;
				CLANG_ANALYZER_NONNULL = YES;
				CLANG_ANALYZER_NUMBER_OBJECT_CONVERSION = YES_AGGRESSIVE;
				CLANG_CXX_LANGUAGE_STANDARD = "gnu++0x";
				CLANG_CXX_LIBRARY = "libc++";
				CLANG_ENABLE_MODULES = YES;
				CLANG_ENABLE_OBJC_ARC = YES;
				CLANG_WARN_BOOL_CONVERSION = YES;
				CLANG_WARN_CONSTANT_CONVERSION = YES;
				CLANG_WARN_DIRECT_OBJC_ISA_USAGE = YES_ERROR;
				CLANG_WARN_DOCUMENTATION_COMMENTS = YES;
				CLANG_WARN_EMPTY_BODY = YES;
				CLANG_WARN_ENUM_CONVERSION = YES;
				CLANG_WARN_INFINITE_RECURSION = YES;
				CLANG_WARN_INT_CONVERSION = YES;
				CLANG_WARN_OBJC_ROOT_CLASS = YES_ERROR;
				CLANG_WARN_SUSPICIOUS_MOVE = YES;
				CLANG_WARN_UNREACHABLE_CODE = YES;
				CLANG_WARN__DUPLICATE_METHOD_MATCH = YES;
				"CODE_SIGN_IDENTITY[sdk=iphoneos*]" = "iPhone Developer";
				COPY_PHASE_STRIP = NO;
				DEBUG_INFORMATION_FORMAT = "dwarf-with-dsym";
				ENABLE_NS_ASSERTIONS = NO;
				ENABLE_STRICT_OBJC_MSGSEND = YES;
				GCC_C_LANGUAGE_STANDARD = gnu99;
				GCC_NO_COMMON_BLOCKS = YES;
				GCC_WARN_64_TO_32_BIT_CONVERSION = YES;
				GCC_WARN_ABOUT_RETURN_TYPE = YES_ERROR;
				GCC_WARN_UNDECLARED_SELECTOR = YES;
				GCC_WARN_UNINITIALIZED_AUTOS = YES_AGGRESSIVE;
				GCC_WARN_UNUSED_FUNCTION = YES;
				GCC_WARN_UNUSED_VARIABLE = YES;
				IPHONEOS_DEPLOYMENT_TARGET = 10.3;
				MTL_ENABLE_DEBUG_INFO = NO;
				SDKROOT = iphoneos;
				SWIFT_OPTIMIZATION_LEVEL = "-Owholemodule";
				TARGETED_DEVICE_FAMILY = "1,2";
				VALIDATE_PRODUCT = YES;
			};
			name = Release;
		};
		6D43A2611FB052E800C6B0B8 /* Debug */ = {
			isa = XCBuildConfiguration;
			buildSettings = {
				ASSETCATALOG_COMPILER_APPICON_NAME = AppIcon;
				"CODE_SIGN_IDENTITY[sdk=iphoneos*]" = "iPhone Developer";
				DEVELOPMENT_TEAM = RPE89YVE3Q;
				FRAMEWORK_SEARCH_PATHS = (
					"$(inherited)",
					"$(PROJECT_DIR)",
				);
				INFOPLIST_FILE = practice/Info.plist;
				IPHONEOS_DEPLOYMENT_TARGET = 10.3;
				LD_RUNPATH_SEARCH_PATHS = "$(inherited) @executable_path/Frameworks";
				PRODUCT_BUNDLE_IDENTIFIER = com.kidnapper.practice;
				PRODUCT_NAME = "$(TARGET_NAME)";
				PROVISIONING_PROFILE_SPECIFIER = "";
				SWIFT_OPTIMIZATION_LEVEL = "-Onone";
				SWIFT_VERSION = 3.0;
				TARGETED_DEVICE_FAMILY = "1,2";
			};
			name = Debug;
		};
		6D43A2621FB052E800C6B0B8 /* Release */ = {
			isa = XCBuildConfiguration;
			buildSettings = {
				ASSETCATALOG_COMPILER_APPICON_NAME = AppIcon;
				"CODE_SIGN_IDENTITY[sdk=iphoneos*]" = "iPhone Developer";
				DEVELOPMENT_TEAM = RPE89YVE3Q;
				FRAMEWORK_SEARCH_PATHS = (
					"$(inherited)",
					"$(PROJECT_DIR)",
				);
				INFOPLIST_FILE = practice/Info.plist;
				IPHONEOS_DEPLOYMENT_TARGET = 10.3;
				LD_RUNPATH_SEARCH_PATHS = "$(inherited) @executable_path/Frameworks";
				PRODUCT_BUNDLE_IDENTIFIER = com.kidnapper.practice;
				PRODUCT_NAME = "$(TARGET_NAME)";
				PROVISIONING_PROFILE_SPECIFIER = "";
				SWIFT_VERSION = 3.0;
				TARGETED_DEVICE_FAMILY = "1,2";
			};
			name = Release;
		};
/* End XCBuildConfiguration section */

/* Begin XCConfigurationList section */
		6D43A2491FB052E800C6B0B8 /* Build configuration list for PBXProject "practice" */ = {
			isa = XCConfigurationList;
			buildConfigurations = (
				6D43A25E1FB052E800C6B0B8 /* Debug */,
				6D43A25F1FB052E800C6B0B8 /* Release */,
			);
			defaultConfigurationIsVisible = 0;
			defaultConfigurationName = Release;
		};
		6D43A2601FB052E800C6B0B8 /* Build configuration list for PBXNativeTarget "practice" */ = {
			isa = XCConfigurationList;
			buildConfigurations = (
				6D43A2611FB052E800C6B0B8 /* Debug */,
				6D43A2621FB052E800C6B0B8 /* Release */,
			);
			defaultConfigurationIsVisible = 0;
			defaultConfigurationName = Release;
		};
/* End XCConfigurationList section */
	};
	rootObject = 6D43A2461FB052E800C6B0B8 /* Project object */;
}
